
Microsoft Visual Studio Solution File, Format Version 12.00
# Visual Studio 2013
VisualStudioVersion = 12.0.21005.1
MinimumVisualStudioVersion = 10.0.40219.1
Project("{FAE04EC0-301F-11D3-BF4B-00C04F79EFBC}") = "strategyPattern", "FirstTry\strategyPattern.csproj", "{18377245-9FFF-48E0-9DF0-E2AC371FEAE3}"
EndProject
Project("{FAE04EC0-301F-11D3-BF4B-00C04F79EFBC}") = "decoratorPattern", "SecondTry\decoratorPattern.csproj", "{BB8A86A2-2420-414B-ACE6-ED37FEA38973}"
EndProject
Project("{FAE04EC0-301F-11D3-BF4B-00C04F79EFBC}") = "singletonPattern", "ThirdTry\singletonPattern.csproj", "{700315EB-0C23-426F-AB6F-DACAEEF45C57}"
EndProject
Project("{FAE04EC0-301F-11D3-BF4B-00C04F79EFBC}") = "commandPattern", "FourthTry\commandPattern.csproj", "{344A4712-076C-40D8-9B83-A17B6D567F24}"
EndProject
Project("{FAE04EC0-301F-11D3-BF4B-00C04F79EFBC}") = "adapterPattern", "adapterPattern\adapterPattern.csproj", "{EA39EEF1-4FEB-4CEF-A570-D470A9D2CBF9}"
EndProject
Global
	GlobalSection(SolutionConfigurationPlatforms) = preSolution
		Debug|Any CPU = Debug|Any CPU
		Release|Any CPU = Release|Any CPU
	EndGlobalSection
	GlobalSection(ProjectConfigurationPlatforms) = postSolution
		{18377245-9FFF-48E0-9DF0-E2AC371FEAE3}.Debug|Any CPU.ActiveCfg = Debug|Any CPU
		{18377245-9FFF-48E0-9DF0-E2AC371FEAE3}.Debug|Any CPU.Build.0 = Debug|Any CPU
		{18377245-9FFF-48E0-9DF0-E2AC371FEAE3}.Release|Any CPU.ActiveCfg = Release|Any CPU
		{18377245-9FFF-48E0-9DF0-E2AC371FEAE3}.Release|Any CPU.Build.0 = Release|Any CPU
		{BB8A86A2-2420-414B-ACE6-ED37FEA38973}.Debug|Any CPU.ActiveCfg = Debug|Any CPU
		{BB8A86A2-2420-414B-ACE6-ED37FEA38973}.Debug|Any CPU.Build.0 = Debug|Any CPU
		{BB8A86A2-2420-414B-ACE6-ED37FEA38973}.Release|Any CPU.ActiveCfg = Release|Any CPU
		{BB8A86A2-2420-414B-ACE6-ED37FEA38973}.Release|Any CPU.Build.0 = Release|Any CPU
		{700315EB-0C23-426F-AB6F-DACAEEF45C57}.Debug|Any CPU.ActiveCfg = Debug|Any CPU
		{700315EB-0C23-426F-AB6F-DACAEEF45C57}.Debug|Any CPU.Build.0 = Debug|Any CPU
		{700315EB-0C23-426F-AB6F-DACAEEF45C57}.Release|Any CPU.ActiveCfg = Release|Any CPU
		{700315EB-0C23-426F-AB6F-DACAEEF45C57}.Release|Any CPU.Build.0 = Release|Any CPU
		{344A4712-076C-40D8-9B83-A17B6D567F24}.Debug|Any CPU.ActiveCfg = Debug|Any CPU
		{344A4712-076C-40D8-9B83-A17B6D567F24}.Debug|Any CPU.Build.0 = Debug|Any CPU
		{344A4712-076C-40D8-9B83-A17B6D567F24}.Release|Any CPU.ActiveCfg = Release|Any CPU
		{344A4712-076C-40D8-9B83-A17B6D567F24}.Release|Any CPU.Build.0 = Release|Any CPU
		{EA39EEF1-4FEB-4CEF-A570-D470A9D2CBF9}.Debug|Any CPU.ActiveCfg = Debug|Any CPU
		{EA39EEF1-4FEB-4CEF-A570-D470A9D2CBF9}.Debug|Any CPU.Build.0 = Debug|Any CPU
		{EA39EEF1-4FEB-4CEF-A570-D470A9D2CBF9}.Release|Any CPU.ActiveCfg = Release|Any CPU
		{EA39EEF1-4FEB-4CEF-A570-D470A9D2CBF9}.Release|Any CPU.Build.0 = Release|Any CPU
	EndGlobalSection
	GlobalSection(SolutionProperties) = preSolution
		HideSolutionNode = FALSE
	EndGlobalSection
EndGlobal
